
Microsoft Visual Studio Solution File, Format Version 12.00
# Visual Studio Version 17
VisualStudioVersion = 17.10.34916.146
MinimumVisualStudioVersion = 10.0.40219.1
Project("{9A19103F-16F7-4668-BE54-9A1E7A4F7556}") = "CaderninhoFinanceiro", "CaderninhoFinanceiro\CaderninhoFinanceiro\CaderninhoFinanceiro.csproj", "{D3E76A41-F5D3-4683-98A8-A6B8EFF7E780}"
EndProject
Project("{9A19103F-16F7-4668-BE54-9A1E7A4F7556}") = "CaderninhoFinanceiro.Client", "CaderninhoFinanceiro\CaderninhoFinanceiro.Client\CaderninhoFinanceiro.Client.csproj", "{308EBA36-D6D6-4538-A68B-121945AF5602}"
EndProject
Project("{FAE04EC0-301F-11D3-BF4B-00C04F79EFBC}") = "CaderninhoFinanceiro.Tests", "CaderninhoFinanceiro.Tests\CaderninhoFinanceiro.Tests.csproj", "{C30C5194-46E9-42B6-9E61-E79153092B4A}"
EndProject
Global
	GlobalSection(SolutionConfigurationPlatforms) = preSolution
		Debug|Any CPU = Debug|Any CPU
		Release|Any CPU = Release|Any CPU
	EndGlobalSection
	GlobalSection(ProjectConfigurationPlatforms) = postSolution
		{D3E76A41-F5D3-4683-98A8-A6B8EFF7E780}.Debug|Any CPU.ActiveCfg = Debug|Any CPU
		{D3E76A41-F5D3-4683-98A8-A6B8EFF7E780}.Debug|Any CPU.Build.0 = Debug|Any CPU
		{D3E76A41-F5D3-4683-98A8-A6B8EFF7E780}.Release|Any CPU.ActiveCfg = Release|Any CPU
		{D3E76A41-F5D3-4683-98A8-A6B8EFF7E780}.Release|Any CPU.Build.0 = Release|Any CPU
		{308EBA36-D6D6-4538-A68B-121945AF5602}.Debug|Any CPU.ActiveCfg = Debug|Any CPU
		{308EBA36-D6D6-4538-A68B-121945AF5602}.Debug|Any CPU.Build.0 = Debug|Any CPU
		{308EBA36-D6D6-4538-A68B-121945AF5602}.Release|Any CPU.ActiveCfg = Release|Any CPU
		{308EBA36-D6D6-4538-A68B-121945AF5602}.Release|Any CPU.Build.0 = Release|Any CPU
		{C30C5194-46E9-42B6-9E61-E79153092B4A}.Debug|Any CPU.ActiveCfg = Debug|Any CPU
		{C30C5194-46E9-42B6-9E61-E79153092B4A}.Debug|Any CPU.Build.0 = Debug|Any CPU
		{C30C5194-46E9-42B6-9E61-E79153092B4A}.Release|Any CPU.ActiveCfg = Release|Any CPU
		{C30C5194-46E9-42B6-9E61-E79153092B4A}.Release|Any CPU.Build.0 = Release|Any CPU
	EndGlobalSection
	GlobalSection(SolutionProperties) = preSolution
		HideSolutionNode = FALSE
	EndGlobalSection
	GlobalSection(ExtensibilityGlobals) = postSolution
		SolutionGuid = {745612D5-03C1-4C77-9DB2-CE40866A51B1}
	EndGlobalSection
EndGlobal
